
Microsoft Visual Studio Solution File, Format Version 12.00
# Visual Studio 15
VisualStudioVersion = 15.0.27004.2009
MinimumVisualStudioVersion = 10.0.40219.1
Project("{9A19103F-16F7-4668-BE54-9A1E7A4F7556}") = "FunScience.Web", "FunScience.Web\FunScience.Web.csproj", "{FE613971-CA66-4F79-A4EF-0BF73CD26F1F}"
EndProject
Project("{FAE04EC0-301F-11D3-BF4B-00C04F79EFBC}") = "FunScience.Data", "FunScience.Data\FunScience.Data.csproj", "{E844D79D-42B7-472D-A7FC-AFB958F4FA70}"
EndProject
Project("{FAE04EC0-301F-11D3-BF4B-00C04F79EFBC}") = "FunScience.Service", "FunScience.Service\FunScience.Service.csproj", "{439A37D1-A79A-40A5-B249-3F3A7AB3905D}"
EndProject
Global
	GlobalSection(SolutionConfigurationPlatforms) = preSolution
		Debug|Any CPU = Debug|Any CPU
		Release|Any CPU = Release|Any CPU
	EndGlobalSection
	GlobalSection(ProjectConfigurationPlatforms) = postSolution
		{FE613971-CA66-4F79-A4EF-0BF73CD26F1F}.Debug|Any CPU.ActiveCfg = Debug|Any CPU
		{FE613971-CA66-4F79-A4EF-0BF73CD26F1F}.Debug|Any CPU.Build.0 = Debug|Any CPU
		{FE613971-CA66-4F79-A4EF-0BF73CD26F1F}.Release|Any CPU.ActiveCfg = Release|Any CPU
		{FE613971-CA66-4F79-A4EF-0BF73CD26F1F}.Release|Any CPU.Build.0 = Release|Any CPU
		{E844D79D-42B7-472D-A7FC-AFB958F4FA70}.Debug|Any CPU.ActiveCfg = Debug|Any CPU
		{E844D79D-42B7-472D-A7FC-AFB958F4FA70}.Debug|Any CPU.Build.0 = Debug|Any CPU
		{E844D79D-42B7-472D-A7FC-AFB958F4FA70}.Release|Any CPU.ActiveCfg = Release|Any CPU
		{E844D79D-42B7-472D-A7FC-AFB958F4FA70}.Release|Any CPU.Build.0 = Release|Any CPU
		{439A37D1-A79A-40A5-B249-3F3A7AB3905D}.Debug|Any CPU.ActiveCfg = Debug|Any CPU
		{439A37D1-A79A-40A5-B249-3F3A7AB3905D}.Debug|Any CPU.Build.0 = Debug|Any CPU
		{439A37D1-A79A-40A5-B249-3F3A7AB3905D}.Release|Any CPU.ActiveCfg = Release|Any CPU
		{439A37D1-A79A-40A5-B249-3F3A7AB3905D}.Release|Any CPU.Build.0 = Release|Any CPU
	EndGlobalSection
	GlobalSection(SolutionProperties) = preSolution
		HideSolutionNode = FALSE
	EndGlobalSection
	GlobalSection(ExtensibilityGlobals) = postSolution
		SolutionGuid = {6F3F0CFC-B1A9-4559-99BA-13A0A6E942D8}
	EndGlobalSection
EndGlobal
